{
  "name": "formula1-circuits-2018",
  "version": "1.0.0",
  "lockfileVersion": 3,
  "requires": true,
  "packages": {
    "": {
      "name": "formula1-circuits-2018",
      "version": "1.0.0",
      "license": "Apache-2.0",
      "dependencies": {
        "d3": "^5.2.0",
        "d3-geo-projection": "^2.4.0",
        "flubber": "^0.4.2",
        "topojson-client": "^3.0.0",
        "world-atlas": "^1.1.4"
      },
      "devDependencies": {}
    },
    "node_modules/commander": {
      "version": "2.15.1",
      "resolved": "https://registry.npmjs.org/commander/-/commander-2.15.1.tgz",
      "integrity": "sha512-VlfT9F3V0v+jr4yxPc5gg9s62/fIVWsd2Bk2iD435um1NlGMYdVCq+MjcXnhYq2icNOizHr1kK+5TI6H0Hy0ag=="
    },
    "node_modules/d3": {
      "version": "5.2.0",
      "resolved": "https://registry.npmjs.org/d3/-/d3-5.2.0.tgz",
      "integrity": "sha1-8cbHojlhX1QN1o2T30/LF6UM/9o=",
      "dependencies": {
        "d3-array": "1",
        "d3-axis": "1",
        "d3-brush": "1",
        "d3-chord": "1",
        "d3-collection": "1",
        "d3-color": "1",
        "d3-contour": "1",
        "d3-dispatch": "1",
        "d3-drag": "1",
        "d3-dsv": "1",
        "d3-ease": "1",
        "d3-fetch": "1",
        "d3-force": "1",
        "d3-format": "1",
        "d3-geo": "1",
        "d3-hierarchy": "1",
        "d3-interpolate": "1",
        "d3-path": "1",
        "d3-polygon": "1",
        "d3-quadtree": "1",
        "d3-random": "1",
        "d3-scale": "2",
        "d3-scale-chromatic": "1",
        "d3-selection": "1",
        "d3-shape": "1",
        "d3-time": "1",
        "d3-time-format": "2",
        "d3-timer": "1",
        "d3-transition": "1",
        "d3-voronoi": "1",
        "d3-zoom": "1"
      }
    },
    "node_modules/d3-array": {
      "version": "1.2.1",
      "resolved": "https://registry.npmjs.org/d3-array/-/d3-array-1.2.1.tgz",
      "integrity": "sha512-CyINJQ0SOUHojDdFDH4JEM0552vCR1utGyLHegJHyYH0JyCpSeTPxi4OBqHMA2jJZq4NH782LtaJWBImqI/HBw=="
    },
    "node_modules/d3-axis": {
      "version": "1.0.8",
      "resolved": "https://registry.npmjs.org/d3-axis/-/d3-axis-1.0.8.tgz",
      "integrity": "sha1-MacFoLU15ldZ3hQXOjGTMTfxjvo="
    },
    "node_modules/d3-brush": {
      "version": "1.0.4",
      "resolved": "https://registry.npmjs.org/d3-brush/-/d3-brush-1.0.4.tgz",
      "integrity": "sha1-AMLyOAGfJPbAoZSibUGhUw/+e8Q=",
      "dependencies": {
        "d3-dispatch": "1",
        "d3-drag": "1",
        "d3-interpolate": "1",
        "d3-selection": "1",
        "d3-transition": "1"
      }
    },
    "node_modules/d3-chord": {
      "version": "1.0.4",
      "resolved": "https://registry.npmjs.org/d3-chord/-/d3-chord-1.0.4.tgz",
      "integrity": "sha1-fexPC6iG9xP+ERxF92NBT290yiw=",
      "dependencies": {
        "d3-array": "1",
        "d3-path": "1"
      }
    },
    "node_modules/d3-collection": {
      "version": "1.0.4",
      "resolved": "https://registry.npmjs.org/d3-collection/-/d3-collection-1.0.4.tgz",
      "integrity": "sha1-NC39EoN8kJdPM/HMCnha6lcNzcI="
    },
    "node_modules/d3-color": {
      "version": "1.2.0",
      "resolved": "https://registry.npmjs.org/d3-color/-/d3-color-1.2.0.tgz",
      "integrity": "sha512-dmL9Zr/v39aSSMnLOTd58in2RbregCg4UtGyUArvEKTTN6S3HKEy+ziBWVYo9PTzRyVW+pUBHUtRKz0HYX+SQg=="
    },
    "node_modules/d3-contour": {
      "version": "1.2.0",
      "resolved": "https://registry.npmjs.org/d3-contour/-/d3-contour-1.2.0.tgz",
      "integrity": "sha512-nDzZ2KDnrgTrhMjV8TH0RNrljk6uPNAGkG/v/1SKNVvJa2JU8szjh7o2ZYTX8yufA2oCI5HyeMqbzwiB+oDoIA==",
      "dependencies": {
        "d3-array": "^1.1.1"
      }
    },
    "node_modules/d3-dispatch": {
      "version": "1.0.3",
      "resolved": "https://registry.npmjs.org/d3-dispatch/-/d3-dispatch-1.0.3.tgz",
      "integrity": "sha1-RuFJHqqbWMNY/OW+TovtYm54cfg="
    },
    "node_modules/d3-drag": {
      "version": "1.2.1",
      "resolved": "https://registry.npmjs.org/d3-drag/-/d3-drag-1.2.1.tgz",
      "integrity": "sha512-Cg8/K2rTtzxzrb0fmnYOUeZHvwa4PHzwXOLZZPwtEs2SKLLKLXeYwZKBB+DlOxUvFmarOnmt//cU4+3US2lyyQ==",
      "dependencies": {
        "d3-dispatch": "1",
        "d3-selection": "1"
      }
    },
    "node_modules/d3-dsv": {
      "version": "1.0.8",
      "resolved": "https://registry.npmjs.org/d3-dsv/-/d3-dsv-1.0.8.tgz",
      "integrity": "sha512-IVCJpQ+YGe3qu6odkPQI0KPqfxkhbP/oM1XhhE/DFiYmcXKfCRub4KXyiuehV1d4drjWVXHUWx4gHqhdZb6n/A==",
      "dependencies": {
        "commander": "2",
        "iconv-lite": "0.4",
        "rw": "1"
      },
      "bin": {
        "csv2json": "bin/dsv2json",
        "csv2tsv": "bin/dsv2dsv",
        "dsv2dsv": "bin/dsv2dsv",
        "dsv2json": "bin/dsv2json",
        "json2csv": "bin/json2dsv",
        "json2dsv": "bin/json2dsv",
        "json2tsv": "bin/json2dsv",
        "tsv2csv": "bin/dsv2dsv",
        "tsv2json": "bin/dsv2json"
      }
    },
    "node_modules/d3-ease": {
      "version": "1.0.3",
      "resolved": "https://registry.npmjs.org/d3-ease/-/d3-ease-1.0.3.tgz",
      "integrity": "sha1-aL+8NJM4o4DETYrMT7wzBKotjA4="
    },
    "node_modules/d3-fetch": {
      "version": "1.1.0",
      "resolved": "https://registry.npmjs.org/d3-fetch/-/d3-fetch-1.1.0.tgz",
      "integrity": "sha512-j+V4vtT6dceQbcKYLtpTueB8Zvc+wb9I93WaFtEQIYNADXl0c1ZJMN3qQo0CssiTsAqK8pePwc7f4qiW+b0WOg==",
      "dependencies": {
        "d3-dsv": "1"
      }
    },
    "node_modules/d3-force": {
      "version": "1.1.0",
      "resolved": "https://registry.npmjs.org/d3-force/-/d3-force-1.1.0.tgz",
      "integrity": "sha512-2HVQz3/VCQs0QeRNZTYb7GxoUCeb6bOzMp/cGcLa87awY9ZsPvXOGeZm0iaGBjXic6I1ysKwMn+g+5jSAdzwcg==",
      "dependencies": {
        "d3-collection": "1",
        "d3-dispatch": "1",
        "d3-quadtree": "1",
        "d3-timer": "1"
      }
    },
    "node_modules/d3-format": {
      "version": "1.2.2",
      "resolved": "https://registry.npmjs.org/d3-format/-/d3-format-1.2.2.tgz",
      "integrity": "sha512-zH9CfF/3C8zUI47nsiKfD0+AGDEuM8LwBIP7pBVpyR4l/sKkZqITmMtxRp04rwBrlshIZ17XeFAaovN3++wzkw=="
    },
    "node_modules/d3-geo": {
      "version": "1.10.0",
      "resolved": "https://registry.npmjs.org/d3-geo/-/d3-geo-1.10.0.tgz",
      "integrity": "sha512-VK/buVGgexthTTqGRNXQ/LSo3EbOFu4p2Pjud5drSIaEnOaF2moc8A3P7WEljEO1JEBEwbpAJjFWMuJiUtoBcw==",
      "dependencies": {
        "d3-array": "1"
      }
    },
    "node_modules/d3-geo-projection": {
      "version": "2.4.0",
      "resolved": "https://registry.npmjs.org/d3-geo-projection/-/d3-geo-projection-2.4.0.tgz",
      "integrity": "sha512-LigP464w4R5WTE58AOVHdFvjym/4z58DfRFKUBAfuCU/sCLXuxfNs74JUdoQ0kd6+WaSp95en0lUHk/YjaIYdg==",
      "dependencies": {
        "commander": "2",
        "d3-array": "1",
        "d3-geo": "^1.10.0"
      },
      "bin": {
        "geo2svg": "bin/geo2svg",
        "geograticule": "bin/geograticule",
        "geoproject": "bin/geoproject",
        "geostitch": "bin/geostitch"
      }
    },
    "node_modules/d3-hierarchy": {
      "version": "1.1.6",
      "resolved": "https://registry.npmjs.org/d3-hierarchy/-/d3-hierarchy-1.1.6.tgz",
      "integrity": "sha512-nn4bhBnwWnMSoZgkBXD7vRyZ0xVUsNMQRKytWYHhP1I4qHw+qzApCTgSQTZqMdf4XXZbTMqA59hFusga+THA/g=="
    },
    "node_modules/d3-interpolate": {
      "version": "1.2.0",
      "resolved": "https://registry.npmjs.org/d3-interpolate/-/d3-interpolate-1.2.0.tgz",
      "integrity": "sha512-zLvTk8CREPFfc/2XglPQriAsXkzoRDAyBzndtKJWrZmHw7kmOWHNS11e40kPTd/oGk8P5mFJW5uBbcFQ+ybxyA==",
      "dependencies": {
        "d3-color": "1"
      }
    },
    "node_modules/d3-path": {
      "version": "1.0.5",
      "resolved": "https://registry.npmjs.org/d3-path/-/d3-path-1.0.5.tgz",
      "integrity": "sha1-JB6xhJvZ6egCHA0KeZ+KDo5EF2Q="
    },
    "node_modules/d3-polygon": {
      "version": "1.0.3",
      "resolved": "https://registry.npmjs.org/d3-polygon/-/d3-polygon-1.0.3.tgz",
      "integrity": "sha1-FoiOkCZGCTPysXllKtN4Ik04LGI="
    },
    "node_modules/d3-quadtree": {
      "version": "1.0.3",
      "resolved": "https://registry.npmjs.org/d3-quadtree/-/d3-quadtree-1.0.3.tgz",
      "integrity": "sha1-rHmH4+I/6AWpkPKOG1DTj8uCJDg="
    },
    "node_modules/d3-random": {
      "version": "1.1.0",
      "resolved": "https://registry.npmjs.org/d3-random/-/d3-random-1.1.0.tgz",
      "integrity": "sha1-ZkLlBsb6OmSFldKyRpeIqNElKdM="
    },
    "node_modules/d3-scale": {
      "version": "2.0.0",
      "resolved": "https://registry.npmjs.org/d3-scale/-/d3-scale-2.0.0.tgz",
      "integrity": "sha512-Sa2Ny6CoJT7x6dozxPnvUQT61epGWsgppFvnNl8eJEzfJBG0iDBBTJAtz2JKem7Mb+NevnaZiDiIDHsuWkv6vg==",
      "dependencies": {
        "d3-array": "^1.2.0",
        "d3-collection": "1",
        "d3-format": "1",
        "d3-interpolate": "1",
        "d3-time": "1",
        "d3-time-format": "2"
      }
    },
    "node_modules/d3-scale-chromatic": {
      "version": "1.2.0",
      "resolved": "https://registry.npmjs.org/d3-scale-chromatic/-/d3-scale-chromatic-1.2.0.tgz",
      "integrity": "sha512-qQUhLi8fPe/F0b0M46C6eFUbms5IIMHuhJ5DKjjzBUvm1b6aPtygJzGbrMdMUD/ckLBq+NdWwHeN2cpMDp4Q5Q==",
      "dependencies": {
        "d3-color": "1",
        "d3-interpolate": "1"
      }
    },
    "node_modules/d3-selection": {
      "version": "1.3.0",
      "resolved": "https://registry.npmjs.org/d3-selection/-/d3-selection-1.3.0.tgz",
      "integrity": "sha512-qgpUOg9tl5CirdqESUAu0t9MU/t3O9klYfGfyKsXEmhyxyzLpzpeh08gaxBUTQw1uXIOkr/30Ut2YRjSSxlmHA=="
    },
    "node_modules/d3-shape": {
      "version": "1.2.0",
      "resolved": "https://registry.npmjs.org/d3-shape/-/d3-shape-1.2.0.tgz",
      "integrity": "sha1-RdAVOPBkuv0F6j1tLLdI/YxB93c=",
      "dependencies": {
        "d3-path": "1"
      }
    },
    "node_modules/d3-time": {
      "version": "1.0.8",
      "resolved": "https://registry.npmjs.org/d3-time/-/d3-time-1.0.8.tgz",
      "integrity": "sha512-YRZkNhphZh3KcnBfitvF3c6E0JOFGikHZ4YqD+Lzv83ZHn1/u6yGenRU1m+KAk9J1GnZMnKcrtfvSktlA1DXNQ=="
    },
    "node_modules/d3-time-format": {
      "version": "2.1.1",
      "resolved": "https://registry.npmjs.org/d3-time-format/-/d3-time-format-2.1.1.tgz",
      "integrity": "sha512-8kAkymq2WMfzW7e+s/IUNAtN/y3gZXGRrdGfo6R8NKPAA85UBTxZg5E61bR6nLwjPjj4d3zywSQe1CkYLPFyrw==",
      "dependencies": {
        "d3-time": "1"
      }
    },
    "node_modules/d3-timer": {
      "version": "1.0.7",
      "resolved": "https://registry.npmjs.org/d3-timer/-/d3-timer-1.0.7.tgz",
      "integrity": "sha512-vMZXR88XujmG/L5oB96NNKH5lCWwiLM/S2HyyAQLcjWJCloK5shxta4CwOFYLZoY3AWX73v8Lgv4cCAdWtRmOA=="
    },
    "node_modules/d3-transition": {
      "version": "1.1.1",
      "resolved": "https://registry.npmjs.org/d3-transition/-/d3-transition-1.1.1.tgz",
      "integrity": "sha512-xeg8oggyQ+y5eb4J13iDgKIjUcEfIOZs2BqV/eEmXm2twx80wTzJ4tB4vaZ5BKfz7XsI/DFmQL5me6O27/5ykQ==",
      "dependencies": {
        "d3-color": "1",
        "d3-dispatch": "1",
        "d3-ease": "1",
        "d3-interpolate": "1",
        "d3-selection": "^1.1.0",
        "d3-timer": "1"
      }
    },
    "node_modules/d3-voronoi": {
      "version": "1.1.2",
      "resolved": "https://registry.npmjs.org/d3-voronoi/-/d3-voronoi-1.1.2.tgz",
      "integrity": "sha1-Fodmfo8TotFYyAwUgMWinLDYlzw="
    },
    "node_modules/d3-zoom": {
      "version": "1.7.1",
      "resolved": "https://registry.npmjs.org/d3-zoom/-/d3-zoom-1.7.1.tgz",
      "integrity": "sha512-sZHQ55DGq5BZBFGnRshUT8tm2sfhPHFnOlmPbbwTkAoPeVdRTkB4Xsf9GCY0TSHrTD8PeJPZGmP/TpGicwJDJQ==",
      "dependencies": {
        "d3-dispatch": "1",
        "d3-drag": "1",
        "d3-interpolate": "1",
        "d3-selection": "1",
        "d3-transition": "1"
      }
    },
    "node_modules/earcut": {
      "version": "2.1.3",
      "resolved": "https://registry.npmjs.org/earcut/-/earcut-2.1.3.tgz",
      "integrity": "sha512-AxdCdWUk1zzK/NuZ7e1ljj6IGC+VAdC3Qb7QQDsXpfNrc5IM8tL9nNXUmEGE6jRHTfZ10zhzRhtDmWVsR5pd3A=="
    },
    "node_modules/flubber": {
      "version": "0.4.2",
      "resolved": "https://registry.npmjs.org/flubber/-/flubber-0.4.2.tgz",
      "integrity": "sha512-79RkJe3rA4nvRCVc2uXjj7U/BAUq84TS3KHn6c0Hr9K64vhj83ZNLUziNx4pJoBumSPhOl5VjH+Z0uhi+eE8Uw==",
      "dependencies": {
        "d3-array": "^1.2.0",
        "d3-polygon": "^1.0.3",
        "earcut": "^2.1.1",
        "svg-path-properties": "^0.2.1",
        "svgpath": "^2.2.1",
        "topojson-client": "^3.0.0"
      }
    },
    "node_modules/flubber/node_modules/topojson-client": {
      "version": "3.0.0",
      "resolved": "https://registry.npmjs.org/topojson-client/-/topojson-client-3.0.0.tgz",
      "integrity": "sha1-H5kpOnfvQqRI0DKoGqmCtz82DS8=",
      "dependencies": {
        "commander": "2"
      },
      "bin": {
        "topo2geo": "bin/topo2geo",
        "topomerge": "bin/topomerge",
        "topoquantize": "bin/topoquantize"
      }
    },
    "node_modules/iconv-lite": {
      "version": "0.4.23",
      "resolved": "https://registry.npmjs.org/iconv-lite/-/iconv-lite-0.4.23.tgz",
      "integrity": "sha512-neyTUVFtahjf0mB3dZT77u+8O0QB89jFdnBkd5P1JgYPbPaia3gXXOVL2fq8VyU2gMMD7SaN7QukTB/pmXYvDA==",
      "dependencies": {
        "safer-buffer": ">= 2.1.2 < 3"
      },
      "engines": {
        "node": ">=0.10.0"
      }
    },
    "node_modules/rw": {
      "version": "1.3.3",
      "resolved": "https://registry.npmjs.org/rw/-/rw-1.3.3.tgz",
      "integrity": "sha1-P4Yt+pGrdmsUiF700BEkv9oHT7Q="
    },
    "node_modules/safer-buffer": {
      "version": "2.1.2",
      "resolved": "https://registry.npmjs.org/safer-buffer/-/safer-buffer-2.1.2.tgz",
      "integrity": "sha512-YZo3K82SD7Riyi0E1EQPojLz7kpepnSQI9IyPbHHg1XXXevb5dJI7tpyN2ADxGcQbHG7vcyRHk0cbwqcQriUtg=="
    },
    "node_modules/svg-path-properties": {
      "version": "0.2.2",
      "resolved": "https://registry.npmjs.org/svg-path-properties/-/svg-path-properties-0.2.2.tgz",
      "integrity": "sha1-sHPYG+cpLq4OIzq4qD9Y3CcRMpY="
    },
    "node_modules/svgpath": {
      "version": "2.2.1",
      "resolved": "https://registry.npmjs.org/svgpath/-/svgpath-2.2.1.tgz",
      "integrity": "sha1-CDS7Z8iadkcrK9BswQH6e1F7Iiw="
    },
    "node_modules/topojson-client": {
      "version": "3.0.0",
      "resolved": "https://registry.npmjs.org/topojson-client/-/topojson-client-3.0.0.tgz",
      "integrity": "sha1-H5kpOnfvQqRI0DKoGqmCtz82DS8=",
      "dependencies": {
        "commander": "2"
      },
      "bin": {
        "topo2geo": "bin/topo2geo",
        "topomerge": "bin/topomerge",
        "topoquantize": "bin/topoquantize"
      }
    },
    "node_modules/world-atlas": {
      "version": "1.1.4",
      "resolved": "https://registry.npmjs.org/world-atlas/-/world-atlas-1.1.4.tgz",
      "integrity": "sha1-D1PETzG2baokXPZzzPq1wziQNoI="
    }
  }
}
